Microsoft Visual Studio Solution File, Format Version 12.00
# Visual Studio Version 17
VisualStudioVersion = 17.5.2.0
MinimumVisualStudioVersion = 10.0.40219.1
Project("{FAE04EC0-301F-11D3-BF4B-00C04F79EFBC}") = "AutoFlask", "AutoFlask.csproj", "{ED2A64E9-6F6D-86AC-81AB-A38BD64D78E7}"
EndProject
Global
	GlobalSection(SolutionConfigurationPlatforms) = preSolution
		Debug|Any CPU = Debug|Any CPU
		Release|Any CPU = Release|Any CPU
	EndGlobalSection
	GlobalSection(ProjectConfigurationPlatforms) = postSolution
		{ED2A64E9-6F6D-86AC-81AB-A38BD64D78E7}.Debug|Any CPU.ActiveCfg = Debug|Any CPU
		{ED2A64E9-6F6D-86AC-81AB-A38BD64D78E7}.Debug|Any CPU.Build.0 = Debug|Any CPU
		{ED2A64E9-6F6D-86AC-81AB-A38BD64D78E7}.Release|Any CPU.ActiveCfg = Release|Any CPU
		{ED2A64E9-6F6D-86AC-81AB-A38BD64D78E7}.Release|Any CPU.Build.0 = Release|Any CPU
	EndGlobalSection
	GlobalSection(SolutionProperties) = preSolution
		HideSolutionNode = FALSE
	EndGlobalSection
	GlobalSection(ExtensibilityGlobals) = postSolution
		SolutionGuid = {BF75999B-263C-4A0C-BDDC-0C633E7108CF}
	EndGlobalSection
EndGlobal
